
Microsoft Visual Studio Solution File, Format Version 12.00
# Visual Studio Version 16
VisualStudioVersion = 25.0.1706.6
MinimumVisualStudioVersion = 10.0.40219.1
Project("{FAE04EC0-301F-11D3-BF4B-00C04F79EFBC}") = "BlogApp", "BlogApp.csproj", "{67F171C3-56F2-4211-AEF9-D68C552340D0}"
EndProject
Global
	GlobalSection(SolutionConfigurationPlatforms) = preSolution
		Debug|Any CPU = Debug|Any CPU
		Release|Any CPU = Release|Any CPU
	EndGlobalSection
	GlobalSection(ProjectConfigurationPlatforms) = postSolution
		{67F171C3-56F2-4211-AEF9-D68C552340D0}.Debug|Any CPU.ActiveCfg = Debug|Any CPU
		{67F171C3-56F2-4211-AEF9-D68C552340D0}.Debug|Any CPU.Build.0 = Debug|Any CPU
		{67F171C3-56F2-4211-AEF9-D68C552340D0}.Release|Any CPU.ActiveCfg = Release|Any CPU
		{67F171C3-56F2-4211-AEF9-D68C552340D0}.Release|Any CPU.Build.0 = Release|Any CPU
	EndGlobalSection
	GlobalSection(SolutionProperties) = preSolution
		HideSolutionNode = FALSE
	EndGlobalSection
	GlobalSection(ExtensibilityGlobals) = postSolution
		SolutionGuid = {CAD9C3C2-83B1-4A97-82EB-9EB298AB314D}
	EndGlobalSection
EndGlobal
